
Microsoft Visual Studio Solution File, Format Version 12.00
# Visual Studio Version 16
VisualStudioVersion = 25.0.1706.12
MinimumVisualStudioVersion = 10.0.40219.1
Project("{FAE04EC0-301F-11D3-BF4B-00C04F79EFBC}") = "WarehouseAPI", "WarehouseAPI\WarehouseAPI.csproj", "{4219D6E4-B9CD-4D18-BD7F-4D401290713D}"
EndProject
Global
	GlobalSection(SolutionConfigurationPlatforms) = preSolution
		Debug|Any CPU = Debug|Any CPU
		Release|Any CPU = Release|Any CPU
	EndGlobalSection
	GlobalSection(ProjectConfigurationPlatforms) = postSolution
		{4219D6E4-B9CD-4D18-BD7F-4D401290713D}.Debug|Any CPU.ActiveCfg = Debug|Any CPU
		{4219D6E4-B9CD-4D18-BD7F-4D401290713D}.Debug|Any CPU.Build.0 = Debug|Any CPU
		{4219D6E4-B9CD-4D18-BD7F-4D401290713D}.Release|Any CPU.ActiveCfg = Release|Any CPU
		{4219D6E4-B9CD-4D18-BD7F-4D401290713D}.Release|Any CPU.Build.0 = Release|Any CPU
	EndGlobalSection
	GlobalSection(SolutionProperties) = preSolution
		HideSolutionNode = FALSE
	EndGlobalSection
	GlobalSection(ExtensibilityGlobals) = postSolution
		SolutionGuid = {1BD4784D-48C3-4D07-ADA3-1020675246E7}
	EndGlobalSection
EndGlobal
